PODS:
  - CVCalendar (1.6.0)
  - PromiseKit (4.4.0):
    - PromiseKit/Foundation (= 4.4.0)
    - PromiseKit/QuartzCore (= 4.4.0)
    - PromiseKit/UIKit (= 4.4.0)
  - PromiseKit/CorePromise (4.4.0)
  - PromiseKit/Foundation (4.4.0):
    - PromiseKit/CorePromise
  - PromiseKit/QuartzCore (4.4.0):
    - PromiseKit/CorePromise
  - PromiseKit/UIKit (4.4.0):
    - PromiseKit/CorePromise
  - ReSwift (4.0.0)
  - SwiftLint (0.25.0)

DEPENDENCIES:
  - CVCalendar (~> 1.6.0)
  - PromiseKit (~> 4.4)
  - ReSwift
  - SwiftLint (~> 0.25.0)

SPEC CHECKSUMS:
  CVCalendar: d6da92b579dfc1e0939e324dfffd2e1045cf69b1
  PromiseKit: ecf5fe92275d57ee77c9ede858af47a162e9b97e
  ReSwift: f058ef13b46ae5f463f10605ccbbb7fb04424d8d
  SwiftLint: e14651157288e9e01d6e1a71db7014fb5744a8ea

PODFILE CHECKSUM: d0ed8061e1587f76a9dcd5bed32128639d57cd9e

COCOAPODS: 1.3.1
