PODS:
  - Nuke (6.1.1)
  - Preheat (4.0)
  - PromiseKit (8.1.1):
    - PromiseKit/CorePromise (= 8.1.1)
    - PromiseKit/Foundation (= 8.1.1)
    - PromiseKit/UIKit (= 8.1.1)
  - PromiseKit/CorePromise (8.1.1)
  - PromiseKit/Foundation (8.1.1):
    - PromiseKit/CorePromise
  - PromiseKit/UIKit (8.1.1):
    - PromiseKit/CorePromise
  - SwiftLint (0.54.0)

DEPENDENCIES:
  - Nuke (~> 6.1.0)
  - Preheat (~> 4.0.0)
  - PromiseKit (~> 8)
  - SwiftLint (~> 0.54.0)

SPEC REPOS:
  trunk:
    - Nuke
    - Preheat
    - PromiseKit
    - SwiftLint

SPEC CHECKSUMS:
  Nuke: bf5d58b2d95ff15cb170c231fe6002d706be77e1
  Preheat: 4a3ab1f050f4165b6a4d58481e84a0fd8ae8d999
  PromiseKit: d1be44b474e5acfa16adf007a1f49f104e10fead
  SwiftLint: c1de071d9d08c8aba837545f6254315bc900e211

PODFILE CHECKSUM: 0648c9e1b1de415f71a57786d632a8e25006ac78

COCOAPODS: 1.10.0
