// !$*UTF8*$!
{
	archiveVersion = 1;
	classes = {
	};
	objectVersion = 46;
	objects = {

/* Begin PBXBuildFile section */
		232F08322066FB5F0051CF71 /* PlayPauseView.xib in Resources */ = {isa = PBXBuildFile; fileRef = 232F08312066FB5F0051CF71 /* PlayPauseView.xib */; };
		232F08342066FC3B0051CF71 /* PlayPauseView.swift in Sources */ = {isa = PBXBuildFile; fileRef = 232F08332066FC3B0051CF71 /* PlayPauseView.swift */; };
		232F08362066FDA50051CF71 /* UIView.swift in Sources */ = {isa = PBXBuildFile; fileRef = 232F08352066FDA50051CF71 /* UIView.swift */; };
		2359296D1F904E8D00FE4839 /* WebKit.framework in Frameworks */ = {isa = PBXBuildFile; fileRef = 2359296C1F904E8D00FE4839 /* WebKit.framework */; };
		2362417220DEE359002711D7 /* SearchViewController.swift in Sources */ = {isa = PBXBuildFile; fileRef = 2362417120DEE359002711D7 /* SearchViewController.swift */; };
		2376236B1F904B290020A476 /* MBArticleDetailViewController.swift in Sources */ = {isa = PBXBuildFile; fileRef = 2376236A1F904B290020A476 /* MBArticleDetailViewController.swift */; };
		237815521FA7FF21000555B6 /* MBDevotionsViewController.swift in Sources */ = {isa = PBXBuildFile; fileRef = 237815511FA7FF21000555B6 /* MBDevotionsViewController.swift */; };
		237815541FA7FF40000555B6 /* DevotionsCoordinator.swift in Sources */ = {isa = PBXBuildFile; fileRef = 237815531FA7FF40000555B6 /* DevotionsCoordinator.swift */; };
		23864DE61FA6A1C10061F212 /* String.swift in Sources */ = {isa = PBXBuildFile; fileRef = 23864DE51FA6A1C10061F212 /* String.swift */; };
		239068701FDE1C1F00BD1215 /* MBCategory+CoreDataProperties.swift in Sources */ = {isa = PBXBuildFile; fileRef = 23ABE3C31FDDECA900F4B36B /* MBCategory+CoreDataProperties.swift */; };
		239975D41FEC9C8A003337EC /* PodcastDetailViewController.swift in Sources */ = {isa = PBXBuildFile; fileRef = 239975D31FEC9C8A003337EC /* PodcastDetailViewController.swift */; };
		239E3BA71FBD42A1006E3C9C /* DevotionDetailViewController.swift in Sources */ = {isa = PBXBuildFile; fileRef = 239E3BA61FBD42A1006E3C9C /* DevotionDetailViewController.swift */; };
		23A278721FD10091003B2022 /* DevotionNotification.swift in Sources */ = {isa = PBXBuildFile; fileRef = 23A278711FD10091003B2022 /* DevotionNotification.swift */; };
		23ABE3C21FDDE6D200F4B36B /* (null) in Sources */ = {isa = PBXBuildFile; };
		23ABE3C61FDE06FC00F4B36B /* MBPodcastsStore.swift in Sources */ = {isa = PBXBuildFile; fileRef = 23ABE3C51FDE06FC00F4B36B /* MBPodcastsStore.swift */; };
		23ABE3C81FDE07BF00F4B36B /* FileHelper.swift in Sources */ = {isa = PBXBuildFile; fileRef = 23ABE3C71FDE07BF00F4B36B /* FileHelper.swift */; };
		23ABE3CA1FDE0B0100F4B36B /* MBPodcast.swift in Sources */ = {isa = PBXBuildFile; fileRef = 23ABE3C91FDE0B0100F4B36B /* MBPodcast.swift */; };
		23D8BB3E207C5A310057C9D5 /* PodcastFilterViewController.swift in Sources */ = {isa = PBXBuildFile; fileRef = 23D8BB3D207C5A310057C9D5 /* PodcastFilterViewController.swift */; };
		23D8BB41207C5C920057C9D5 /* PodcastFilterTableViewCell.swift in Sources */ = {isa = PBXBuildFile; fileRef = 23D8BB3F207C5C920057C9D5 /* PodcastFilterTableViewCell.swift */; };
		23D8BB42207C5C920057C9D5 /* PodcastFilterTableViewCell.xib in Resources */ = {isa = PBXBuildFile; fileRef = 23D8BB40207C5C920057C9D5 /* PodcastFilterTableViewCell.xib */; };
		23D8BB44207EE3930057C9D5 /* FeaturedArticleTableViewCell.swift in Sources */ = {isa = PBXBuildFile; fileRef = 23D8BB43207EE3930057C9D5 /* FeaturedArticleTableViewCell.swift */; };
		23D8F1F01FAAB3A1004964AE /* devotions.json in Resources */ = {isa = PBXBuildFile; fileRef = 23D8F1EF1FAAB3A1004964AE /* devotions.json */; };
		23D8F1F51FAE129D004964AE /* iOS_Client.xcdatamodeld in Sources */ = {isa = PBXBuildFile; fileRef = 23D8F1F31FAE129D004964AE /* iOS_Client.xcdatamodeld */; };
		23D8F1F71FAE12D2004964AE /* MBDevotion.swift in Sources */ = {isa = PBXBuildFile; fileRef = 23D8F1F61FAE12D2004964AE /* MBDevotion.swift */; };
		23D8F1FA1FAECD0B004964AE /* Color.swift in Sources */ = {isa = PBXBuildFile; fileRef = 23D8F1F91FAECD0B004964AE /* Color.swift */; };
		23ED5DB01FC652F6003B1BB3 /* DevotionTableViewCell.swift in Sources */ = {isa = PBXBuildFile; fileRef = 23ED5DAE1FC652F6003B1BB3 /* DevotionTableViewCell.swift */; };
		23ED5DB11FC652F6003B1BB3 /* DevotionTableViewCell.xib in Resources */ = {isa = PBXBuildFile; fileRef = 23ED5DAF1FC652F6003B1BB3 /* DevotionTableViewCell.xib */; };
		23F2CB441FDC50F000B80856 /* XMLParsingDelegate.swift in Sources */ = {isa = PBXBuildFile; fileRef = 23F2CB431FDC50F000B80856 /* XMLParsingDelegate.swift */; };
		23F2CB471FDC91F400B80856 /* MBPodcastsViewController.swift in Sources */ = {isa = PBXBuildFile; fileRef = 23F2CB461FDC91F400B80856 /* MBPodcastsViewController.swift */; };
		23F2CB491FDC920300B80856 /* PodcastsCoordinator.swift in Sources */ = {isa = PBXBuildFile; fileRef = 23F2CB481FDC920300B80856 /* PodcastsCoordinator.swift */; };
		23F2CB4C1FDC93E800B80856 /* PodcastTableViewCell.swift in Sources */ = {isa = PBXBuildFile; fileRef = 23F2CB4A1FDC93E800B80856 /* PodcastTableViewCell.swift */; };
		23F2CB4D1FDC93E800B80856 /* PodcastTableViewCell.xib in Resources */ = {isa = PBXBuildFile; fileRef = 23F2CB4B1FDC93E800B80856 /* PodcastTableViewCell.xib */; };
		23FFB0241F85CC0E006A0AC8 /* Routing.swift in Sources */ = {isa = PBXBuildFile; fileRef = 23FFB0231F85CC0E006A0AC8 /* Routing.swift */; };
		2FF8A78758E86F4B5F3DD3DF /* Pods_iOS_Client.framework in Frameworks */ = {isa = PBXBuildFile; fileRef = 0E0C3C6365D9BF5E69097373 /* Pods_iOS_Client.framework */; };
		D01C330320AA5A1D00D5A59D /* ScheduleDailyDevotionViewController.swift in Sources */ = {isa = PBXBuildFile; fileRef = D01C330220AA5A1D00D5A59D /* ScheduleDailyDevotionViewController.swift */; };
		D02C22911FDD84820024D0F6 /* MBArticlesStore.swift in Sources */ = {isa = PBXBuildFile; fileRef = D02C22901FDD84820024D0F6 /* MBArticlesStore.swift */; };
		D02C22931FDD85F30024D0F6 /* MBDevotionsStore.swift in Sources */ = {isa = PBXBuildFile; fileRef = D02C22921FDD85F30024D0F6 /* MBDevotionsStore.swift */; };
		D02C22971FDE15120024D0F6 /* CoreDataStack.swift in Sources */ = {isa = PBXBuildFile; fileRef = D02C22961FDE15120024D0F6 /* CoreDataStack.swift */; };
		D02D363B1F7FDFB500D4E674 /* AppCoordinator.swift in Sources */ = {isa = PBXBuildFile; fileRef = D02D363A1F7FDFB500D4E674 /* AppCoordinator.swift */; };
		D02D363D1F7FE19400D4E674 /* Coordinator.swift in Sources */ = {isa = PBXBuildFile; fileRef = D02D363C1F7FE19400D4E674 /* Coordinator.swift */; };
		D02D36401F7FE5A800D4E674 /* ArticlesCoordinator.swift in Sources */ = {isa = PBXBuildFile; fileRef = D02D363F1F7FE5A800D4E674 /* ArticlesCoordinator.swift */; };
		D02D36421F7FE8FA00D4E674 /* BookmarksCoordinator.swift in Sources */ = {isa = PBXBuildFile; fileRef = D02D36411F7FE8FA00D4E674 /* BookmarksCoordinator.swift */; };
		D032F1641F81695500E78333 /* MBClient.swift in Sources */ = {isa = PBXBuildFile; fileRef = D032F1631F81695500E78333 /* MBClient.swift */; };
		D032F1A01F8728B700E78333 /* MBCategory+CoreDataClass.swift in Sources */ = {isa = PBXBuildFile; fileRef = D032F19A1F8728B700E78333 /* MBCategory+CoreDataClass.swift */; };
		D032F1A21F8728B700E78333 /* MBArticle+CoreDataClass.swift in Sources */ = {isa = PBXBuildFile; fileRef = D032F19C1F8728B700E78333 /* MBArticle+CoreDataClass.swift */; };
		D032F1A41F8728B700E78333 /* MBAuthor+CoreDataClass.swift in Sources */ = {isa = PBXBuildFile; fileRef = D032F19E1F8728B700E78333 /* MBAuthor+CoreDataClass.swift */; };
		D032F1A51F8728B700E78333 /* MBAuthor+CoreDataProperties.swift in Sources */ = {isa = PBXBuildFile; fileRef = D032F19F1F8728B700E78333 /* MBAuthor+CoreDataProperties.swift */; };
		D03E50F61F7C8E2F004F5648 /* MBTabBarController.swift in Sources */ = {isa = PBXBuildFile; fileRef = D03E50F51F7C8E2F004F5648 /* MBTabBarController.swift */; };
		D048E7F820CC115700240462 /* SectionHeaderView.swift in Sources */ = {isa = PBXBuildFile; fileRef = D048E7F720CC115700240462 /* SectionHeaderView.swift */; };
		D048E7FA20CC11ED00240462 /* SectionHeaderView.xib in Resources */ = {isa = PBXBuildFile; fileRef = D048E7F920CC11ED00240462 /* SectionHeaderView.xib */; };
		D075154820AE80DF00CAEBCA /* DevotionScheduler.swift in Sources */ = {isa = PBXBuildFile; fileRef = D075154720AE80DF00CAEBCA /* DevotionScheduler.swift */; };
		D08F55871F786DCD0071ED86 /* AppDelegate.swift in Sources */ = {isa = PBXBuildFile; fileRef = D08F55861F786DCD0071ED86 /* AppDelegate.swift */; };
		D08F55891F786DCD0071ED86 /* MBArticlesViewController.swift in Sources */ = {isa = PBXBuildFile; fileRef = D08F55881F786DCD0071ED86 /* MBArticlesViewController.swift */; };
		D08F558C1F786DCD0071ED86 /* Main.storyboard in Resources */ = {isa = PBXBuildFile; fileRef = D08F558A1F786DCD0071ED86 /* Main.storyboard */; };
		D08F55911F786DCD0071ED86 /* Assets.xcassets in Resources */ = {isa = PBXBuildFile; fileRef = D08F55901F786DCD0071ED86 /* Assets.xcassets */; };
		D08F55941F786DCD0071ED86 /* LaunchScreen.storyboard in Resources */ = {isa = PBXBuildFile; fileRef = D08F55921F786DCD0071ED86 /* LaunchScreen.storyboard */; };
		D09496461F93DB5C004ACA4E /* DeserializationError.swift in Sources */ = {isa = PBXBuildFile; fileRef = D09496451F93DB5C004ACA4E /* DeserializationError.swift */; };
		D09496481F93E79C004ACA4E /* MBConstants.swift in Sources */ = {isa = PBXBuildFile; fileRef = D09496471F93E79C004ACA4E /* MBConstants.swift */; };
		D0CD7BB61F7875F7000E26B0 /* MBState.swift in Sources */ = {isa = PBXBuildFile; fileRef = D0CD7BB51F7875F7000E26B0 /* MBState.swift */; };
		D0D213E3202613CE00E5230A /* SafariDisplayer.swift in Sources */ = {isa = PBXBuildFile; fileRef = D0D213E2202613CE00E5230A /* SafariDisplayer.swift */; };
		D0DDEC2A1F7B178C007822CB /* MBStore.swift in Sources */ = {isa = PBXBuildFile; fileRef = D0DDEC291F7B178C007822CB /* MBStore.swift */; };
		D0DDEC2C1F7B18A3007822CB /* MBAppReducer.swift in Sources */ = {isa = PBXBuildFile; fileRef = D0DDEC2B1F7B18A3007822CB /* MBAppReducer.swift */; };
		D0DDEC2E1F7B1B49007822CB /* MBActions.swift in Sources */ = {isa = PBXBuildFile; fileRef = D0DDEC2D1F7B1B49007822CB /* MBActions.swift */; };
		D0DDEC341F7C7BC1007822CB /* MBMiddleware.swift in Sources */ = {isa = PBXBuildFile; fileRef = D0DDEC331F7C7BC1007822CB /* MBMiddleware.swift */; };
		D0DDEC3B1F7C8129007822CB /* MBBookmarksViewController.swift in Sources */ = {isa = PBXBuildFile; fileRef = D0DDEC3A1F7C8129007822CB /* MBBookmarksViewController.swift */; };
		D0DED1FE1FDC3AC100F48E8C /* MBArticle+CoreDataProperties.swift in Sources */ = {isa = PBXBuildFile; fileRef = D0DED1FD1FDC3AC100F48E8C /* MBArticle+CoreDataProperties.swift */; };
		D0EA55E52066ADDE005EFA7E /* ArticlePicture+CoreDataClass.swift in Sources */ = {isa = PBXBuildFile; fileRef = D0EA55E32066ADDE005EFA7E /* ArticlePicture+CoreDataClass.swift */; };
		D0EA55E62066ADDE005EFA7E /* ArticlePicture+CoreDataProperties.swift in Sources */ = {isa = PBXBuildFile; fileRef = D0EA55E42066ADDE005EFA7E /* ArticlePicture+CoreDataProperties.swift */; };
		D0EA55E8207948ED005EFA7E /* ImageMakerOperation.swift in Sources */ = {isa = PBXBuildFile; fileRef = D0EA55E7207948ED005EFA7E /* ImageMakerOperation.swift */; };
		D0EA55EF20797E40005EFA7E /* FeaturedArticleTableViewCell.xib in Resources */ = {isa = PBXBuildFile; fileRef = D0EA55EE20797E40005EFA7E /* FeaturedArticleTableViewCell.xib */; };
		D0EA55F220798F2A005EFA7E /* RecentArticleTableViewCell.swift in Sources */ = {isa = PBXBuildFile; fileRef = D0EA55F020798F2A005EFA7E /* RecentArticleTableViewCell.swift */; };
		D0EA55F320798F2A005EFA7E /* RecentArticleTableViewCell.xib in Resources */ = {isa = PBXBuildFile; fileRef = D0EA55F120798F2A005EFA7E /* RecentArticleTableViewCell.xib */; };
		D0EA55F620799FC6005EFA7E /* CategoryHeaderTableViewCell.swift in Sources */ = {isa = PBXBuildFile; fileRef = D0EA55F420799FC6005EFA7E /* CategoryHeaderTableViewCell.swift */; };
		D0EA55F720799FC6005EFA7E /* CategoryHeaderTableViewCell.xib in Resources */ = {isa = PBXBuildFile; fileRef = D0EA55F520799FC6005EFA7E /* CategoryHeaderTableViewCell.xib */; };
		D0EA55FA2079A42C005EFA7E /* CategoryArticleTableViewCell.swift in Sources */ = {isa = PBXBuildFile; fileRef = D0EA55F82079A42C005EFA7E /* CategoryArticleTableViewCell.swift */; };
		D0EA55FB2079A42C005EFA7E /* CategoryArticleTableViewCell.xib in Resources */ = {isa = PBXBuildFile; fileRef = D0EA55F92079A42C005EFA7E /* CategoryArticleTableViewCell.xib */; };
		D0EA55FE2079AE63005EFA7E /* CategoryFooterTableViewCell.swift in Sources */ = {isa = PBXBuildFile; fileRef = D0EA55FC2079AE63005EFA7E /* CategoryFooterTableViewCell.swift */; };
		D0EA55FF2079AE63005EFA7E /* CategoryFooterTableViewCell.xib in Resources */ = {isa = PBXBuildFile; fileRef = D0EA55FD2079AE63005EFA7E /* CategoryFooterTableViewCell.xib */; };
		D0EA560120858F56005EFA7E /* ShowMoreViewController.swift in Sources */ = {isa = PBXBuildFile; fileRef = D0EA560020858F56005EFA7E /* ShowMoreViewController.swift */; };
		D0ED48DF1F9D6F4F00FEDCC9 /* MB.css in Resources */ = {isa = PBXBuildFile; fileRef = D0ED48DE1F9D6F4F00FEDCC9 /* MB.css */; };
		D0F6A72220216DBC001C3AED /* BookmarkCell.swift in Sources */ = {isa = PBXBuildFile; fileRef = D0F6A72120216DBC001C3AED /* BookmarkCell.swift */; };
/* End PBXBuildFile section */

/* Begin PBXFileReference section */
		0E0C3C6365D9BF5E69097373 /* Pods_iOS_Client.framework */ = {isa = PBXFileReference; explicitFileType = wrapper.framework; includeInIndex = 0; path = Pods_iOS_Client.framework; sourceTree = BUILT_PRODUCTS_DIR; };
		136BACE6A8C13A0F0360B527 /* Pods-iOS Client.release.xcconfig */ = {isa = PBXFileReference; includeInIndex = 1; lastKnownFileType = text.xcconfig; name = "Pods-iOS Client.release.xcconfig"; path = "Pods/Target Support Files/Pods-iOS Client/Pods-iOS Client.release.xcconfig"; sourceTree = "<group>"; };
		2251FCAEBD05DD222F6C84FD /* Pods-iOS Client.debug.xcconfig */ = {isa = PBXFileReference; includeInIndex = 1; lastKnownFileType = text.xcconfig; name = "Pods-iOS Client.debug.xcconfig"; path = "Pods/Target Support Files/Pods-iOS Client/Pods-iOS Client.debug.xcconfig"; sourceTree = "<group>"; };
		232F08312066FB5F0051CF71 /* PlayPauseView.xib */ = {isa = PBXFileReference; lastKnownFileType = file.xib; path = PlayPauseView.xib; sourceTree = "<group>"; };
		232F08332066FC3B0051CF71 /* PlayPauseView.swift */ = {isa = PBXFileReference; lastKnownFileType = sourcecode.swift; path = PlayPauseView.swift; sourceTree = "<group>"; };
		232F08352066FDA50051CF71 /* UIView.swift */ = {isa = PBXFileReference; lastKnownFileType = sourcecode.swift; path = UIView.swift; sourceTree = "<group>"; };
		2359296C1F904E8D00FE4839 /* WebKit.framework */ = {isa = PBXFileReference; lastKnownFileType = wrapper.framework; name = WebKit.framework; path = System/Library/Frameworks/WebKit.framework; sourceTree = SDKROOT; };
		2362417120DEE359002711D7 /* SearchViewController.swift */ = {isa = PBXFileReference; fileEncoding = 4; lastKnownFileType = sourcecode.swift; path = SearchViewController.swift; sourceTree = "<group>"; };
		2376236A1F904B290020A476 /* MBArticleDetailViewController.swift */ = {isa = PBXFileReference; lastKnownFileType = sourcecode.swift; path = MBArticleDetailViewController.swift; sourceTree = "<group>"; };
		237815511FA7FF21000555B6 /* MBDevotionsViewController.swift */ = {isa = PBXFileReference; lastKnownFileType = sourcecode.swift; path = MBDevotionsViewController.swift; sourceTree = "<group>"; };
		237815531FA7FF40000555B6 /* DevotionsCoordinator.swift */ = {isa = PBXFileReference; lastKnownFileType = sourcecode.swift; path = DevotionsCoordinator.swift; sourceTree = "<group>"; };
		23864DE51FA6A1C10061F212 /* String.swift */ = {isa = PBXFileReference; lastKnownFileType = sourcecode.swift; path = String.swift; sourceTree = "<group>"; };
		239975D31FEC9C8A003337EC /* PodcastDetailViewController.swift */ = {isa = PBXFileReference; lastKnownFileType = sourcecode.swift; path = PodcastDetailViewController.swift; sourceTree = "<group>"; };
		239975D51FECB029003337EC /* AVFoundation.framework */ = {isa = PBXFileReference; lastKnownFileType = wrapper.framework; name = AVFoundation.framework; path = System/Library/Frameworks/AVFoundation.framework; sourceTree = SDKROOT; };
		239E3BA61FBD42A1006E3C9C /* DevotionDetailViewController.swift */ = {isa = PBXFileReference; lastKnownFileType = sourcecode.swift; path = DevotionDetailViewController.swift; sourceTree = "<group>"; };
		23A278711FD10091003B2022 /* DevotionNotification.swift */ = {isa = PBXFileReference; lastKnownFileType = sourcecode.swift; path = DevotionNotification.swift; sourceTree = "<group>"; };
		23ABE3C31FDDECA900F4B36B /* MBCategory+CoreDataProperties.swift */ = {isa = PBXFileReference; fileEncoding = 4; lastKnownFileType = sourcecode.swift; path = "MBCategory+CoreDataProperties.swift"; sourceTree = "<group>"; };
		23ABE3C51FDE06FC00F4B36B /* MBPodcastsStore.swift */ = {isa = PBXFileReference; lastKnownFileType = sourcecode.swift; path = MBPodcastsStore.swift; sourceTree = "<group>"; };
		23ABE3C71FDE07BF00F4B36B /* FileHelper.swift */ = {isa = PBXFileReference; lastKnownFileType = sourcecode.swift; path = FileHelper.swift; sourceTree = "<group>"; };
		23ABE3C91FDE0B0100F4B36B /* MBPodcast.swift */ = {isa = PBXFileReference; lastKnownFileType = sourcecode.swift; path = MBPodcast.swift; sourceTree = "<group>"; };
		23D8BB3D207C5A310057C9D5 /* PodcastFilterViewController.swift */ = {isa = PBXFileReference; lastKnownFileType = sourcecode.swift; path = PodcastFilterViewController.swift; sourceTree = "<group>"; };
		23D8BB3F207C5C920057C9D5 /* PodcastFilterTableViewCell.swift */ = {isa = PBXFileReference; lastKnownFileType = sourcecode.swift; path = PodcastFilterTableViewCell.swift; sourceTree = "<group>"; };
		23D8BB40207C5C920057C9D5 /* PodcastFilterTableViewCell.xib */ = {isa = PBXFileReference; lastKnownFileType = file.xib; path = PodcastFilterTableViewCell.xib; sourceTree = "<group>"; };
		23D8BB43207EE3930057C9D5 /* FeaturedArticleTableViewCell.swift */ = {isa = PBXFileReference; fileEncoding = 4; lastKnownFileType = sourcecode.swift; path = FeaturedArticleTableViewCell.swift; sourceTree = "<group>"; };
		23D8F1EF1FAAB3A1004964AE /* devotions.json */ = {isa = PBXFileReference; fileEncoding = 4; lastKnownFileType = text.json; path = devotions.json; sourceTree = "<group>"; xcLanguageSpecificationIdentifier = xcode.lang.javascript; };
		23D8F1F41FAE129D004964AE /* iOS_Client.xcdatamodel */ = {isa = PBXFileReference; lastKnownFileType = wrapper.xcdatamodel; path = iOS_Client.xcdatamodel; sourceTree = "<group>"; };
		23D8F1F61FAE12D2004964AE /* MBDevotion.swift */ = {isa = PBXFileReference; lastKnownFileType = sourcecode.swift; path = MBDevotion.swift; sourceTree = "<group>"; };
		23D8F1F91FAECD0B004964AE /* Color.swift */ = {isa = PBXFileReference; lastKnownFileType = sourcecode.swift; path = Color.swift; sourceTree = "<group>"; };
		23ED5DAE1FC652F6003B1BB3 /* DevotionTableViewCell.swift */ = {isa = PBXFileReference; lastKnownFileType = sourcecode.swift; path = DevotionTableViewCell.swift; sourceTree = "<group>"; };
		23ED5DAF1FC652F6003B1BB3 /* DevotionTableViewCell.xib */ = {isa = PBXFileReference; lastKnownFileType = file.xib; path = DevotionTableViewCell.xib; sourceTree = "<group>"; };
		23F2CB431FDC50F000B80856 /* XMLParsingDelegate.swift */ = {isa = PBXFileReference; lastKnownFileType = sourcecode.swift; path = XMLParsingDelegate.swift; sourceTree = "<group>"; };
		23F2CB461FDC91F400B80856 /* MBPodcastsViewController.swift */ = {isa = PBXFileReference; lastKnownFileType = sourcecode.swift; path = MBPodcastsViewController.swift; sourceTree = "<group>"; };
		23F2CB481FDC920300B80856 /* PodcastsCoordinator.swift */ = {isa = PBXFileReference; lastKnownFileType = sourcecode.swift; path = PodcastsCoordinator.swift; sourceTree = "<group>"; };
		23F2CB4A1FDC93E800B80856 /* PodcastTableViewCell.swift */ = {isa = PBXFileReference; lastKnownFileType = sourcecode.swift; path = PodcastTableViewCell.swift; sourceTree = "<group>"; };
		23F2CB4B1FDC93E800B80856 /* PodcastTableViewCell.xib */ = {isa = PBXFileReference; lastKnownFileType = file.xib; path = PodcastTableViewCell.xib; sourceTree = "<group>"; };
		23FFB0231F85CC0E006A0AC8 /* Routing.swift */ = {isa = PBXFileReference; lastKnownFileType = sourcecode.swift; path = Routing.swift; sourceTree = "<group>"; };
		D01C330220AA5A1D00D5A59D /* ScheduleDailyDevotionViewController.swift */ = {isa = PBXFileReference; lastKnownFileType = sourcecode.swift; path = ScheduleDailyDevotionViewController.swift; sourceTree = "<group>"; };
		D02C22901FDD84820024D0F6 /* MBArticlesStore.swift */ = {isa = PBXFileReference; lastKnownFileType = sourcecode.swift; path = MBArticlesStore.swift; sourceTree = "<group>"; };
		D02C22921FDD85F30024D0F6 /* MBDevotionsStore.swift */ = {isa = PBXFileReference; lastKnownFileType = sourcecode.swift; path = MBDevotionsStore.swift; sourceTree = "<group>"; };
		D02C22961FDE15120024D0F6 /* CoreDataStack.swift */ = {isa = PBXFileReference; lastKnownFileType = sourcecode.swift; path = CoreDataStack.swift; sourceTree = "<group>"; };
		D02D363A1F7FDFB500D4E674 /* AppCoordinator.swift */ = {isa = PBXFileReference; lastKnownFileType = sourcecode.swift; name = AppCoordinator.swift; path = "iOS Client/TabController/AppCoordinator.swift"; sourceTree = SOURCE_ROOT; };
		D02D363C1F7FE19400D4E674 /* Coordinator.swift */ = {isa = PBXFileReference; lastKnownFileType = sourcecode.swift; path = Coordinator.swift; sourceTree = "<group>"; };
		D02D363F1F7FE5A800D4E674 /* ArticlesCoordinator.swift */ = {isa = PBXFileReference; lastKnownFileType = sourcecode.swift; name = ArticlesCoordinator.swift; path = "iOS Client/ArticlesController/ArticlesCoordinator.swift"; sourceTree = SOURCE_ROOT; };
		D02D36411F7FE8FA00D4E674 /* BookmarksCoordinator.swift */ = {isa = PBXFileReference; lastKnownFileType = sourcecode.swift; name = BookmarksCoordinator.swift; path = "iOS Client/BookmarksController/BookmarksCoordinator.swift"; sourceTree = SOURCE_ROOT; };
		D032F1631F81695500E78333 /* MBClient.swift */ = {isa = PBXFileReference; lastKnownFileType = sourcecode.swift; name = MBClient.swift; path = "iOS Client/HTTPClient/MBClient.swift"; sourceTree = SOURCE_ROOT; };
		D032F19A1F8728B700E78333 /* MBCategory+CoreDataClass.swift */ = {isa = PBXFileReference; lastKnownFileType = sourcecode.swift; path = "MBCategory+CoreDataClass.swift"; sourceTree = "<group>"; };
		D032F19B1F8728B700E78333 /* MBCategory+CoreDataProperties.swift */ = {isa = PBXFileReference; lastKnownFileType = sourcecode.swift; path = "MBCategory+CoreDataProperties.swift"; sourceTree = "<group>"; };
		D032F19C1F8728B700E78333 /* MBArticle+CoreDataClass.swift */ = {isa = PBXFileReference; lastKnownFileType = sourcecode.swift; path = "MBArticle+CoreDataClass.swift"; sourceTree = "<group>"; };
		D032F19E1F8728B700E78333 /* MBAuthor+CoreDataClass.swift */ = {isa = PBXFileReference; lastKnownFileType = sourcecode.swift; path = "MBAuthor+CoreDataClass.swift"; sourceTree = "<group>"; };
		D032F19F1F8728B700E78333 /* MBAuthor+CoreDataProperties.swift */ = {isa = PBXFileReference; lastKnownFileType = sourcecode.swift; path = "MBAuthor+CoreDataProperties.swift"; sourceTree = "<group>"; };
		D03E50F51F7C8E2F004F5648 /* MBTabBarController.swift */ = {isa = PBXFileReference; lastKnownFileType = sourcecode.swift; path = MBTabBarController.swift; sourceTree = "<group>"; };
		D048E7F720CC115700240462 /* SectionHeaderView.swift */ = {isa = PBXFileReference; lastKnownFileType = sourcecode.swift; path = SectionHeaderView.swift; sourceTree = "<group>"; };
		D048E7F920CC11ED00240462 /* SectionHeaderView.xib */ = {isa = PBXFileReference; lastKnownFileType = file.xib; path = SectionHeaderView.xib; sourceTree = "<group>"; };
		D075154720AE80DF00CAEBCA /* DevotionScheduler.swift */ = {isa = PBXFileReference; lastKnownFileType = sourcecode.swift; path = DevotionScheduler.swift; sourceTree = "<group>"; };
		D08F55831F786DCD0071ED86 /* iOS Client.app */ = {isa = PBXFileReference; explicitFileType = wrapper.application; includeInIndex = 0; path = "iOS Client.app"; sourceTree = BUILT_PRODUCTS_DIR; };
		D08F55861F786DCD0071ED86 /* AppDelegate.swift */ = {isa = PBXFileReference; lastKnownFileType = sourcecode.swift; path = AppDelegate.swift; sourceTree = "<group>"; };
		D08F55881F786DCD0071ED86 /* MBArticlesViewController.swift */ = {isa = PBXFileReference; lastKnownFileType = sourcecode.swift; path = MBArticlesViewController.swift; sourceTree = "<group>"; };
		D08F558B1F786DCD0071ED86 /* Base */ = {isa = PBXFileReference; lastKnownFileType = file.storyboard; name = Base; path = Base.lproj/Main.storyboard; sourceTree = "<group>"; };
		D08F55901F786DCD0071ED86 /* Assets.xcassets */ = {isa = PBXFileReference; lastKnownFileType = folder.assetcatalog; path = Assets.xcassets; sourceTree = "<group>"; };
		D08F55931F786DCD0071ED86 /* Base */ = {isa = PBXFileReference; lastKnownFileType = file.storyboard; name = Base; path = Base.lproj/LaunchScreen.storyboard; sourceTree = "<group>"; };
		D08F55951F786DCD0071ED86 /* Info.plist */ = {isa = PBXFileReference; lastKnownFileType = text.plist.xml; path = Info.plist; sourceTree = "<group>"; };
		D09496451F93DB5C004ACA4E /* DeserializationError.swift */ = {isa = PBXFileReference; lastKnownFileType = sourcecode.swift; path = DeserializationError.swift; sourceTree = "<group>"; };
		D09496471F93E79C004ACA4E /* MBConstants.swift */ = {isa = PBXFileReference; lastKnownFileType = sourcecode.swift; name = MBConstants.swift; path = "iOS Client/Constants/MBConstants.swift"; sourceTree = SOURCE_ROOT; };
		D0CD7BB51F7875F7000E26B0 /* MBState.swift */ = {isa = PBXFileReference; lastKnownFileType = sourcecode.swift; path = MBState.swift; sourceTree = "<group>"; };
		D0D213E2202613CE00E5230A /* SafariDisplayer.swift */ = {isa = PBXFileReference; fileEncoding = 4; lastKnownFileType = sourcecode.swift; path = SafariDisplayer.swift; sourceTree = "<group>"; };
		D0DDEC291F7B178C007822CB /* MBStore.swift */ = {isa = PBXFileReference; lastKnownFileType = sourcecode.swift; path = MBStore.swift; sourceTree = "<group>"; };
		D0DDEC2B1F7B18A3007822CB /* MBAppReducer.swift */ = {isa = PBXFileReference; lastKnownFileType = sourcecode.swift; path = MBAppReducer.swift; sourceTree = "<group>"; };
		D0DDEC2D1F7B1B49007822CB /* MBActions.swift */ = {isa = PBXFileReference; lastKnownFileType = sourcecode.swift; path = MBActions.swift; sourceTree = "<group>"; };
		D0DDEC331F7C7BC1007822CB /* MBMiddleware.swift */ = {isa = PBXFileReference; lastKnownFileType = sourcecode.swift; path = MBMiddleware.swift; sourceTree = "<group>"; };
		D0DDEC3A1F7C8129007822CB /* MBBookmarksViewController.swift */ = {isa = PBXFileReference; lastKnownFileType = sourcecode.swift; path = MBBookmarksViewController.swift; sourceTree = "<group>"; };
		D0DED1FD1FDC3AC100F48E8C /* MBArticle+CoreDataProperties.swift */ = {isa = PBXFileReference; lastKnownFileType = sourcecode.swift; path = "MBArticle+CoreDataProperties.swift"; sourceTree = "<group>"; };
		D0EA55E32066ADDE005EFA7E /* ArticlePicture+CoreDataClass.swift */ = {isa = PBXFileReference; lastKnownFileType = sourcecode.swift; path = "ArticlePicture+CoreDataClass.swift"; sourceTree = "<group>"; };
		D0EA55E42066ADDE005EFA7E /* ArticlePicture+CoreDataProperties.swift */ = {isa = PBXFileReference; lastKnownFileType = sourcecode.swift; path = "ArticlePicture+CoreDataProperties.swift"; sourceTree = "<group>"; };
		D0EA55E7207948ED005EFA7E /* ImageMakerOperation.swift */ = {isa = PBXFileReference; lastKnownFileType = sourcecode.swift; path = ImageMakerOperation.swift; sourceTree = "<group>"; };
		D0EA55EE20797E40005EFA7E /* FeaturedArticleTableViewCell.xib */ = {isa = PBXFileReference; lastKnownFileType = file.xib; path = FeaturedArticleTableViewCell.xib; sourceTree = "<group>"; };
		D0EA55F020798F2A005EFA7E /* RecentArticleTableViewCell.swift */ = {isa = PBXFileReference; lastKnownFileType = sourcecode.swift; path = RecentArticleTableViewCell.swift; sourceTree = "<group>"; };
		D0EA55F120798F2A005EFA7E /* RecentArticleTableViewCell.xib */ = {isa = PBXFileReference; lastKnownFileType = file.xib; path = RecentArticleTableViewCell.xib; sourceTree = "<group>"; };
		D0EA55F420799FC6005EFA7E /* CategoryHeaderTableViewCell.swift */ = {isa = PBXFileReference; lastKnownFileType = sourcecode.swift; path = CategoryHeaderTableViewCell.swift; sourceTree = "<group>"; };
		D0EA55F520799FC6005EFA7E /* CategoryHeaderTableViewCell.xib */ = {isa = PBXFileReference; lastKnownFileType = file.xib; path = CategoryHeaderTableViewCell.xib; sourceTree = "<group>"; };
		D0EA55F82079A42C005EFA7E /* CategoryArticleTableViewCell.swift */ = {isa = PBXFileReference; lastKnownFileType = sourcecode.swift; path = CategoryArticleTableViewCell.swift; sourceTree = "<group>"; };
		D0EA55F92079A42C005EFA7E /* CategoryArticleTableViewCell.xib */ = {isa = PBXFileReference; lastKnownFileType = file.xib; path = CategoryArticleTableViewCell.xib; sourceTree = "<group>"; };
		D0EA55FC2079AE63005EFA7E /* CategoryFooterTableViewCell.swift */ = {isa = PBXFileReference; lastKnownFileType = sourcecode.swift; path = CategoryFooterTableViewCell.swift; sourceTree = "<group>"; };
		D0EA55FD2079AE63005EFA7E /* CategoryFooterTableViewCell.xib */ = {isa = PBXFileReference; lastKnownFileType = file.xib; path = CategoryFooterTableViewCell.xib; sourceTree = "<group>"; };
		D0EA560020858F56005EFA7E /* ShowMoreViewController.swift */ = {isa = PBXFileReference; lastKnownFileType = sourcecode.swift; path = ShowMoreViewController.swift; sourceTree = "<group>"; };
		D0ED48DE1F9D6F4F00FEDCC9 /* MB.css */ = {isa = PBXFileReference; lastKnownFileType = text.css; name = MB.css; path = "iOS Client/Style/MB.css"; sourceTree = SOURCE_ROOT; };
		D0F6A72120216DBC001C3AED /* BookmarkCell.swift */ = {isa = PBXFileReference; lastKnownFileType = sourcecode.swift; path = BookmarkCell.swift; sourceTree = "<group>"; };
/* End PBXFileReference section */

/* Begin PBXFrameworksBuildPhase section */
		D08F55801F786DCD0071ED86 /* Frameworks */ = {
			isa = PBXFrameworksBuildPhase;
			buildActionMask = 2147483647;
			files = (
				2359296D1F904E8D00FE4839 /* WebKit.framework in Frameworks */,
				2FF8A78758E86F4B5F3DD3DF /* Pods_iOS_Client.framework in Frameworks */,
			);
			runOnlyForDeploymentPostprocessing = 0;
		};
/* End PBXFrameworksBuildPhase section */

/* Begin PBXGroup section */
		2362417020DEE359002711D7 /* Search */ = {
			isa = PBXGroup;
			children = (
				2362417120DEE359002711D7 /* SearchViewController.swift */,
			);
			path = Search;
			sourceTree = "<group>";
		};
		237815501FA7FEF7000555B6 /* DevotionsController */ = {
			isa = PBXGroup;
			children = (
				D01C330220AA5A1D00D5A59D /* ScheduleDailyDevotionViewController.swift */,
				D075154720AE80DF00CAEBCA /* DevotionScheduler.swift */,
				237815511FA7FF21000555B6 /* MBDevotionsViewController.swift */,
				237815531FA7FF40000555B6 /* DevotionsCoordinator.swift */,
				239E3BA61FBD42A1006E3C9C /* DevotionDetailViewController.swift */,
				23ED5DAE1FC652F6003B1BB3 /* DevotionTableViewCell.swift */,
				23ED5DAF1FC652F6003B1BB3 /* DevotionTableViewCell.xib */,
				23A278711FD10091003B2022 /* DevotionNotification.swift */,
			);
			path = DevotionsController;
			sourceTree = "<group>";
		};
		23864DE41FA6A0930061F212 /* Utilities */ = {
			isa = PBXGroup;
			children = (
				23864DE51FA6A1C10061F212 /* String.swift */,
				232F08352066FDA50051CF71 /* UIView.swift */,
			);
			path = Utilities;
			sourceTree = "<group>";
		};
		23ABE3C01FDDE3DA00F4B36B /* Recovered References */ = {
			isa = PBXGroup;
			children = (
				D032F19B1F8728B700E78333 /* MBCategory+CoreDataProperties.swift */,
			);
			name = "Recovered References";
			sourceTree = "<group>";
		};
		23D8F1EE1FAAB310004964AE /* Data */ = {
			isa = PBXGroup;
			children = (
				23D8F1EF1FAAB3A1004964AE /* devotions.json */,
			);
			path = Data;
			sourceTree = "<group>";
		};
		23F2CB451FDC91D100B80856 /* PodcastsController */ = {
			isa = PBXGroup;
			children = (
				23F2CB461FDC91F400B80856 /* MBPodcastsViewController.swift */,
				23F2CB481FDC920300B80856 /* PodcastsCoordinator.swift */,
				23F2CB4A1FDC93E800B80856 /* PodcastTableViewCell.swift */,
				23F2CB4B1FDC93E800B80856 /* PodcastTableViewCell.xib */,
				239975D31FEC9C8A003337EC /* PodcastDetailViewController.swift */,
				232F08312066FB5F0051CF71 /* PlayPauseView.xib */,
				232F08332066FC3B0051CF71 /* PlayPauseView.swift */,
				23D8BB3D207C5A310057C9D5 /* PodcastFilterViewController.swift */,
				23D8BB3F207C5C920057C9D5 /* PodcastFilterTableViewCell.swift */,
				23D8BB40207C5C920057C9D5 /* PodcastFilterTableViewCell.xib */,
			);
			path = PodcastsController;
			sourceTree = "<group>";
		};
		23FFB0221F85CBC4006A0AC8 /* Routing */ = {
			isa = PBXGroup;
			children = (
				23FFB0231F85CC0E006A0AC8 /* Routing.swift */,
			);
			path = Routing;
			sourceTree = "<group>";
		};
		B2F9D019B88BC6D17F4B6012 /* Pods */ = {
			isa = PBXGroup;
			children = (
				2251FCAEBD05DD222F6C84FD /* Pods-iOS Client.debug.xcconfig */,
				136BACE6A8C13A0F0360B527 /* Pods-iOS Client.release.xcconfig */,
			);
			name = Pods;
			sourceTree = "<group>";
		};
		CFEA2464E4078B7D25F1B301 /* Frameworks */ = {
			isa = PBXGroup;
			children = (
				239975D51FECB029003337EC /* AVFoundation.framework */,
				2359296C1F904E8D00FE4839 /* WebKit.framework */,
				0E0C3C6365D9BF5E69097373 /* Pods_iOS_Client.framework */,
			);
			name = Frameworks;
			sourceTree = "<group>";
		};
		D00F8F591F93F122006CCD80 /* Constants */ = {
			isa = PBXGroup;
			children = (
				D09496471F93E79C004ACA4E /* MBConstants.swift */,
			);
			path = Constants;
			sourceTree = "<group>";
		};
		D00F8F5A1F93F132006CCD80 /* HTTPClient */ = {
			isa = PBXGroup;
			children = (
				D032F1631F81695500E78333 /* MBClient.swift */,
			);
			path = HTTPClient;
			sourceTree = "<group>";
		};
		D02C22951FDE14E40024D0F6 /* CoreDataStack */ = {
			isa = PBXGroup;
			children = (
				D02C22961FDE15120024D0F6 /* CoreDataStack.swift */,
			);
			path = CoreDataStack;
			sourceTree = "<group>";
		};
		D02D36391F7C9FBF00D4E674 /* TabController */ = {
			isa = PBXGroup;
			children = (
				D02D363A1F7FDFB500D4E674 /* AppCoordinator.swift */,
				D03E50F51F7C8E2F004F5648 /* MBTabBarController.swift */,
			);
			path = TabController;
			sourceTree = "<group>";
		};
		D02D363E1F7FE58600D4E674 /* Coordinator */ = {
			isa = PBXGroup;
			children = (
				D0D213E2202613CE00E5230A /* SafariDisplayer.swift */,
				D02D363C1F7FE19400D4E674 /* Coordinator.swift */,
			);
			path = Coordinator;
			sourceTree = "<group>";
		};
		D032F1991F87289D00E78333 /* Models */ = {
			isa = PBXGroup;
			children = (
				D0EA55E32066ADDE005EFA7E /* ArticlePicture+CoreDataClass.swift */,
				D0EA55E42066ADDE005EFA7E /* ArticlePicture+CoreDataProperties.swift */,
				D09496451F93DB5C004ACA4E /* DeserializationError.swift */,
				D032F19C1F8728B700E78333 /* MBArticle+CoreDataClass.swift */,
				D032F19F1F8728B700E78333 /* MBAuthor+CoreDataProperties.swift */,
				D032F19E1F8728B700E78333 /* MBAuthor+CoreDataClass.swift */,
				D0DED1FD1FDC3AC100F48E8C /* MBArticle+CoreDataProperties.swift */,
				23ABE3C31FDDECA900F4B36B /* MBCategory+CoreDataProperties.swift */,
				D032F19A1F8728B700E78333 /* MBCategory+CoreDataClass.swift */,
				23D8F1F61FAE12D2004964AE /* MBDevotion.swift */,
				23ABE3C91FDE0B0100F4B36B /* MBPodcast.swift */,
			);
			path = Models;
			sourceTree = "<group>";
		};
		D08F557A1F786DCD0071ED86 = {
			isa = PBXGroup;
			children = (
				D08F55851F786DCD0071ED86 /* iOS Client */,
				D08F55841F786DCD0071ED86 /* Products */,
				B2F9D019B88BC6D17F4B6012 /* Pods */,
				CFEA2464E4078B7D25F1B301 /* Frameworks */,
				23ABE3C01FDDE3DA00F4B36B /* Recovered References */,
			);
			sourceTree = "<group>";
		};
		D08F55841F786DCD0071ED86 /* Products */ = {
			isa = PBXGroup;
			children = (
				D08F55831F786DCD0071ED86 /* iOS Client.app */,
			);
			name = Products;
			sourceTree = "<group>";
		};
		D08F55851F786DCD0071ED86 /* iOS Client */ = {
			isa = PBXGroup;
			children = (
				2362417020DEE359002711D7 /* Search */,
				23F2CB451FDC91D100B80856 /* PodcastsController */,
				23864DE41FA6A0930061F212 /* Utilities */,
				23D8F1F31FAE129D004964AE /* iOS_Client.xcdatamodeld */,
				23D8F1EE1FAAB310004964AE /* Data */,
				237815501FA7FEF7000555B6 /* DevotionsController */,
				D0DDEC301F7C7B1F007822CB /* Actions */,
				D0DDEC371F7C7F52007822CB /* AppDelegate */,
				D0DDEC391F7C7F8B007822CB /* ArticlesController */,
				D0DDEC3C1F7C812F007822CB /* BookmarksController */,
				D00F8F591F93F122006CCD80 /* Constants */,
				D02D363E1F7FE58600D4E674 /* Coordinator */,
				D02C22951FDE14E40024D0F6 /* CoreDataStack */,
				D00F8F5A1F93F132006CCD80 /* HTTPClient */,
				D09F67111F93FAA3001D910E /* Main Storyboard */,
				D0DDEC351F7C7BC6007822CB /* Middleware */,
				D032F1991F87289D00E78333 /* Models */,
				D0DDEC311F7C7B37007822CB /* Reducers */,
				23FFB0221F85CBC4006A0AC8 /* Routing */,
				D0DDEC321F7C7B55007822CB /* State */,
				D0DDEC361F7C7F3C007822CB /* Store */,
				D0ED48E21F9D752600FEDCC9 /* Style */,
				D02D36391F7C9FBF00D4E674 /* TabController */,
				D08F55901F786DCD0071ED86 /* Assets.xcassets */,
				D08F55921F786DCD0071ED86 /* LaunchScreen.storyboard */,
				D08F55951F786DCD0071ED86 /* Info.plist */,
			);
			path = "iOS Client";
			sourceTree = "<group>";
		};
		D09F67111F93FAA3001D910E /* Main Storyboard */ = {
			isa = PBXGroup;
			children = (
				D08F558A1F786DCD0071ED86 /* Main.storyboard */,
			);
			path = "Main Storyboard";
			sourceTree = "<group>";
		};
		D0DDEC301F7C7B1F007822CB /* Actions */ = {
			isa = PBXGroup;
			children = (
				D0DDEC2D1F7B1B49007822CB /* MBActions.swift */,
			);
			path = Actions;
			sourceTree = "<group>";
		};
		D0DDEC311F7C7B37007822CB /* Reducers */ = {
			isa = PBXGroup;
			children = (
				D0DDEC2B1F7B18A3007822CB /* MBAppReducer.swift */,
			);
			path = Reducers;
			sourceTree = "<group>";
		};
		D0DDEC321F7C7B55007822CB /* State */ = {
			isa = PBXGroup;
			children = (
				D0CD7BB51F7875F7000E26B0 /* MBState.swift */,
			);
			path = State;
			sourceTree = "<group>";
		};
		D0DDEC351F7C7BC6007822CB /* Middleware */ = {
			isa = PBXGroup;
			children = (
				D0DDEC331F7C7BC1007822CB /* MBMiddleware.swift */,
			);
			path = Middleware;
			sourceTree = "<group>";
		};
		D0DDEC361F7C7F3C007822CB /* Store */ = {
			isa = PBXGroup;
			children = (
				D0DDEC291F7B178C007822CB /* MBStore.swift */,
				23F2CB431FDC50F000B80856 /* XMLParsingDelegate.swift */,
				D02C22901FDD84820024D0F6 /* MBArticlesStore.swift */,
				D02C22921FDD85F30024D0F6 /* MBDevotionsStore.swift */,
				23ABE3C51FDE06FC00F4B36B /* MBPodcastsStore.swift */,
				23ABE3C71FDE07BF00F4B36B /* FileHelper.swift */,
			);
			path = Store;
			sourceTree = "<group>";
		};
		D0DDEC371F7C7F52007822CB /* AppDelegate */ = {
			isa = PBXGroup;
			children = (
				D08F55861F786DCD0071ED86 /* AppDelegate.swift */,
			);
			path = AppDelegate;
			sourceTree = "<group>";
		};
		D0DDEC391F7C7F8B007822CB /* ArticlesController */ = {
			isa = PBXGroup;
			children = (
				D02D363F1F7FE5A800D4E674 /* ArticlesCoordinator.swift */,
				D0EA55F82079A42C005EFA7E /* CategoryArticleTableViewCell.swift */,
				D0EA55F92079A42C005EFA7E /* CategoryArticleTableViewCell.xib */,
				D0EA55FC2079AE63005EFA7E /* CategoryFooterTableViewCell.swift */,
				D0EA55FD2079AE63005EFA7E /* CategoryFooterTableViewCell.xib */,
				D0EA55F420799FC6005EFA7E /* CategoryHeaderTableViewCell.swift */,
				D0EA55F520799FC6005EFA7E /* CategoryHeaderTableViewCell.xib */,
				23D8BB43207EE3930057C9D5 /* FeaturedArticleTableViewCell.swift */,
				D0EA55EE20797E40005EFA7E /* FeaturedArticleTableViewCell.xib */,
				D0EA55F020798F2A005EFA7E /* RecentArticleTableViewCell.swift */,
				D0EA55F120798F2A005EFA7E /* RecentArticleTableViewCell.xib */,
				D08F55881F786DCD0071ED86 /* MBArticlesViewController.swift */,
				D048E7F720CC115700240462 /* SectionHeaderView.swift */,
				D048E7F920CC11ED00240462 /* SectionHeaderView.xib */,
				2376236A1F904B290020A476 /* MBArticleDetailViewController.swift */,
				D0EA560020858F56005EFA7E /* ShowMoreViewController.swift */,
			);
			path = ArticlesController;
			sourceTree = "<group>";
		};
		D0DDEC3C1F7C812F007822CB /* BookmarksController */ = {
			isa = PBXGroup;
			children = (
				D02D36411F7FE8FA00D4E674 /* BookmarksCoordinator.swift */,
				D0EA55E7207948ED005EFA7E /* ImageMakerOperation.swift */,
				D0DDEC3A1F7C8129007822CB /* MBBookmarksViewController.swift */,
				D0F6A72120216DBC001C3AED /* BookmarkCell.swift */,
			);
			path = BookmarksController;
			sourceTree = "<group>";
		};
		D0ED48E21F9D752600FEDCC9 /* Style */ = {
			isa = PBXGroup;
			children = (
				D0ED48DE1F9D6F4F00FEDCC9 /* MB.css */,
				23D8F1F91FAECD0B004964AE /* Color.swift */,
			);
			path = Style;
			sourceTree = "<group>";
		};
/* End PBXGroup section */

/* Begin PBXNativeTarget section */
		D08F55821F786DCD0071ED86 /* iOS Client */ = {
			isa = PBXNativeTarget;
			buildConfigurationList = D08F55981F786DCD0071ED86 /* Build configuration list for PBXNativeTarget "iOS Client" */;
			buildPhases = (
				FF6B3A93B4A685B65E24FB2B /* [CP] Check Pods Manifest.lock */,
				D08F557F1F786DCD0071ED86 /* Sources */,
				D08F55801F786DCD0071ED86 /* Frameworks */,
				D08F55811F786DCD0071ED86 /* Resources */,
				D0B43F141F787176007869DE /* ShellScript */,
				F1396EF305B68971310EBA9B /* [CP] Embed Pods Frameworks */,
				C067F49D1E8514FDE1205463 /* [CP] Copy Pods Resources */,
			);
			buildRules = (
			);
			dependencies = (
			);
			name = "iOS Client";
			productName = "iOS Client";
			productReference = D08F55831F786DCD0071ED86 /* iOS Client.app */;
			productType = "com.apple.product-type.application";
		};
/* End PBXNativeTarget section */

/* Begin PBXProject section */
		D08F557B1F786DCD0071ED86 /* Project object */ = {
			isa = PBXProject;
			attributes = {
				LastSwiftUpdateCheck = 0830;
				LastUpgradeCheck = 0900;
				ORGANIZATIONNAME = Mockingbird;
				TargetAttributes = {
					D08F55821F786DCD0071ED86 = {
						CreatedOnToolsVersion = 8.3.3;
						DevelopmentTeam = CFABJ26A2K;
						LastSwiftMigration = 0900;
						ProvisioningStyle = Automatic;
						SystemCapabilities = {
							com.apple.BackgroundModes = {
								enabled = 1;
							};
						};
					};
				};
			};
			buildConfigurationList = D08F557E1F786DCD0071ED86 /* Build configuration list for PBXProject "iOS Client" */;
			compatibilityVersion = "Xcode 3.2";
			developmentRegion = English;
			hasScannedForEncodings = 0;
			knownRegions = (
				en,
				Base,
			);
			mainGroup = D08F557A1F786DCD0071ED86;
			productRefGroup = D08F55841F786DCD0071ED86 /* Products */;
			projectDirPath = "";
			projectRoot = "";
			targets = (
				D08F55821F786DCD0071ED86 /* iOS Client */,
			);
		};
/* End PBXProject section */

/* Begin PBXResourcesBuildPhase section */
		D08F55811F786DCD0071ED86 /* Resources */ = {
			isa = PBXResourcesBuildPhase;
			buildActionMask = 2147483647;
			files = (
				23D8BB42207C5C920057C9D5 /* PodcastFilterTableViewCell.xib in Resources */,
				D0EA55FF2079AE63005EFA7E /* CategoryFooterTableViewCell.xib in Resources */,
				D0EA55F720799FC6005EFA7E /* CategoryHeaderTableViewCell.xib in Resources */,
				D0ED48DF1F9D6F4F00FEDCC9 /* MB.css in Resources */,
				D0EA55EF20797E40005EFA7E /* FeaturedArticleTableViewCell.xib in Resources */,
				D0EA55FB2079A42C005EFA7E /* CategoryArticleTableViewCell.xib in Resources */,
				D0EA55F320798F2A005EFA7E /* RecentArticleTableViewCell.xib in Resources */,
				D048E7FA20CC11ED00240462 /* SectionHeaderView.xib in Resources */,
				D08F55941F786DCD0071ED86 /* LaunchScreen.storyboard in Resources */,
				23F2CB4D1FDC93E800B80856 /* PodcastTableViewCell.xib in Resources */,
				D08F55911F786DCD0071ED86 /* Assets.xcassets in Resources */,
				23D8F1F01FAAB3A1004964AE /* devotions.json in Resources */,
				23ED5DB11FC652F6003B1BB3 /* DevotionTableViewCell.xib in Resources */,
				232F08322066FB5F0051CF71 /* PlayPauseView.xib in Resources */,
				D08F558C1F786DCD0071ED86 /* Main.storyboard in Resources */,
			);
			runOnlyForDeploymentPostprocessing = 0;
		};
/* End PBXResourcesBuildPhase section */

/* Begin PBXShellScriptBuildPhase section */
		C067F49D1E8514FDE1205463 /* [CP] Copy Pods Resources */ = {
			isa = PBXShellScriptBuildPhase;
			buildActionMask = 2147483647;
			files = (
			);
			inputPaths = (
			);
			name = "[CP] Copy Pods Resources";
			outputPaths = (
			);
			runOnlyForDeploymentPostprocessing = 0;
			shellPath = /bin/sh;
			shellScript = "\"${SRCROOT}/Pods/Target Support Files/Pods-iOS Client/Pods-iOS Client-resources.sh\"\n";
			showEnvVarsInLog = 0;
		};
		D0B43F141F787176007869DE /* ShellScript */ = {
			isa = PBXShellScriptBuildPhase;
			buildActionMask = 2147483647;
			files = (
			);
			inputPaths = (
			);
			outputPaths = (
			);
			runOnlyForDeploymentPostprocessing = 0;
			shellPath = /bin/sh;
			shellScript = "\"${PODS_ROOT}/SwiftLint/swiftlint\"";
		};
		F1396EF305B68971310EBA9B /* [CP] Embed Pods Frameworks */ = {
			isa = PBXShellScriptBuildPhase;
			buildActionMask = 2147483647;
			files = (
			);
			inputPaths = (
				"${SRCROOT}/Pods/Target Support Files/Pods-iOS Client/Pods-iOS Client-frameworks.sh",
				"${BUILT_PRODUCTS_DIR}/CVCalendar/CVCalendar.framework",
				"${BUILT_PRODUCTS_DIR}/Nuke/Nuke.framework",
				"${BUILT_PRODUCTS_DIR}/Preheat/Preheat.framework",
				"${BUILT_PRODUCTS_DIR}/PromiseKit/PromiseKit.framework",
				"${BUILT_PRODUCTS_DIR}/ReSwift/ReSwift.framework",
			);
			name = "[CP] Embed Pods Frameworks";
			outputPaths = (
				"${TARGET_BUILD_DIR}/${FRAMEWORKS_FOLDER_PATH}/CVCalendar.framework",
				"${TARGET_BUILD_DIR}/${FRAMEWORKS_FOLDER_PATH}/Nuke.framework",
				"${TARGET_BUILD_DIR}/${FRAMEWORKS_FOLDER_PATH}/Preheat.framework",
				"${TARGET_BUILD_DIR}/${FRAMEWORKS_FOLDER_PATH}/PromiseKit.framework",
				"${TARGET_BUILD_DIR}/${FRAMEWORKS_FOLDER_PATH}/ReSwift.framework",
			);
			runOnlyForDeploymentPostprocessing = 0;
			shellPath = /bin/sh;
			shellScript = "\"${SRCROOT}/Pods/Target Support Files/Pods-iOS Client/Pods-iOS Client-frameworks.sh\"\n";
			showEnvVarsInLog = 0;
		};
		FF6B3A93B4A685B65E24FB2B /* [CP] Check Pods Manifest.lock */ = {
			isa = PBXShellScriptBuildPhase;
			buildActionMask = 2147483647;
			files = (
			);
			inputPaths = (
				"${PODS_PODFILE_DIR_PATH}/Podfile.lock",
				"${PODS_ROOT}/Manifest.lock",
			);
			name = "[CP] Check Pods Manifest.lock";
			outputPaths = (
				"$(DERIVED_FILE_DIR)/Pods-iOS Client-checkManifestLockResult.txt",
			);
			runOnlyForDeploymentPostprocessing = 0;
			shellPath = /bin/sh;
			shellScript = "diff \"${PODS_PODFILE_DIR_PATH}/Podfile.lock\" \"${PODS_ROOT}/Manifest.lock\" > /dev/null\nif [ $? != 0 ] ; then\n    # print error to STDERR\n    echo \"error: The sandbox is not in sync with the Podfile.lock. Run 'pod install' or update your CocoaPods installation.\" >&2\n    exit 1\nfi\n# This output is used by Xcode 'outputs' to avoid re-running this script phase.\necho \"SUCCESS\" > \"${SCRIPT_OUTPUT_FILE_0}\"\n";
			showEnvVarsInLog = 0;
		};
/* End PBXShellScriptBuildPhase section */

/* Begin PBXSourcesBuildPhase section */
		D08F557F1F786DCD0071ED86 /* Sources */ = {
			isa = PBXSourcesBuildPhase;
			buildActionMask = 2147483647;
			files = (
				D0EA55FE2079AE63005EFA7E /* CategoryFooterTableViewCell.swift in Sources */,
				D02D36421F7FE8FA00D4E674 /* BookmarksCoordinator.swift in Sources */,
				23F2CB491FDC920300B80856 /* PodcastsCoordinator.swift in Sources */,
				D0EA55FA2079A42C005EFA7E /* CategoryArticleTableViewCell.swift in Sources */,
				D0EA55F220798F2A005EFA7E /* RecentArticleTableViewCell.swift in Sources */,
				D075154820AE80DF00CAEBCA /* DevotionScheduler.swift in Sources */,
				D02D363B1F7FDFB500D4E674 /* AppCoordinator.swift in Sources */,
				D0D213E3202613CE00E5230A /* SafariDisplayer.swift in Sources */,
				D0DDEC2A1F7B178C007822CB /* MBStore.swift in Sources */,
				23F2CB471FDC91F400B80856 /* MBPodcastsViewController.swift in Sources */,
				2362417220DEE359002711D7 /* SearchViewController.swift in Sources */,
				D02D363D1F7FE19400D4E674 /* Coordinator.swift in Sources */,
				D0EA560120858F56005EFA7E /* ShowMoreViewController.swift in Sources */,
				23FFB0241F85CC0E006A0AC8 /* Routing.swift in Sources */,
				D0DDEC341F7C7BC1007822CB /* MBMiddleware.swift in Sources */,
				237815521FA7FF21000555B6 /* MBDevotionsViewController.swift in Sources */,
				D032F1A21F8728B700E78333 /* MBArticle+CoreDataClass.swift in Sources */,
				23D8BB3E207C5A310057C9D5 /* PodcastFilterViewController.swift in Sources */,
				23ABE3C61FDE06FC00F4B36B /* MBPodcastsStore.swift in Sources */,
				D0DDEC2E1F7B1B49007822CB /* MBActions.swift in Sources */,
				D02C22911FDD84820024D0F6 /* MBArticlesStore.swift in Sources */,
				23ED5DB01FC652F6003B1BB3 /* DevotionTableViewCell.swift in Sources */,
				D0EA55E8207948ED005EFA7E /* ImageMakerOperation.swift in Sources */,
				23ABE3CA1FDE0B0100F4B36B /* MBPodcast.swift in Sources */,
				D0EA55E52066ADDE005EFA7E /* ArticlePicture+CoreDataClass.swift in Sources */,
				2376236B1F904B290020A476 /* MBArticleDetailViewController.swift in Sources */,
				23A278721FD10091003B2022 /* DevotionNotification.swift in Sources */,
				23D8BB44207EE3930057C9D5 /* FeaturedArticleTableViewCell.swift in Sources */,
				23ABE3C81FDE07BF00F4B36B /* FileHelper.swift in Sources */,
				D0EA55F620799FC6005EFA7E /* CategoryHeaderTableViewCell.swift in Sources */,
				D02C22971FDE15120024D0F6 /* CoreDataStack.swift in Sources */,
				D0EA55E62066ADDE005EFA7E /* ArticlePicture+CoreDataProperties.swift in Sources */,
				237815541FA7FF40000555B6 /* DevotionsCoordinator.swift in Sources */,
				D02D36401F7FE5A800D4E674 /* ArticlesCoordinator.swift in Sources */,
				23864DE61FA6A1C10061F212 /* String.swift in Sources */,
				D09496481F93E79C004ACA4E /* MBConstants.swift in Sources */,
				232F08362066FDA50051CF71 /* UIView.swift in Sources */,
				23D8F1F51FAE129D004964AE /* iOS_Client.xcdatamodeld in Sources */,
				239975D41FEC9C8A003337EC /* PodcastDetailViewController.swift in Sources */,
				23D8F1F71FAE12D2004964AE /* MBDevotion.swift in Sources */,
				D08F55891F786DCD0071ED86 /* MBArticlesViewController.swift in Sources */,
				D0DDEC2C1F7B18A3007822CB /* MBAppReducer.swift in Sources */,
				23D8BB41207C5C920057C9D5 /* PodcastFilterTableViewCell.swift in Sources */,
				D02C22931FDD85F30024D0F6 /* MBDevotionsStore.swift in Sources */,
				D032F1A01F8728B700E78333 /* MBCategory+CoreDataClass.swift in Sources */,
				232F08342066FC3B0051CF71 /* PlayPauseView.swift in Sources */,
				D03E50F61F7C8E2F004F5648 /* MBTabBarController.swift in Sources */,
				23F2CB4C1FDC93E800B80856 /* PodcastTableViewCell.swift in Sources */,
				239E3BA71FBD42A1006E3C9C /* DevotionDetailViewController.swift in Sources */,
				23D8F1FA1FAECD0B004964AE /* Color.swift in Sources */,
				D048E7F820CC115700240462 /* SectionHeaderView.swift in Sources */,
				D0DDEC3B1F7C8129007822CB /* MBBookmarksViewController.swift in Sources */,
				D08F55871F786DCD0071ED86 /* AppDelegate.swift in Sources */,
				D032F1A41F8728B700E78333 /* MBAuthor+CoreDataClass.swift in Sources */,
				D09496461F93DB5C004ACA4E /* DeserializationError.swift in Sources */,
				D0CD7BB61F7875F7000E26B0 /* MBState.swift in Sources */,
				23F2CB441FDC50F000B80856 /* XMLParsingDelegate.swift in Sources */,
				D032F1641F81695500E78333 /* MBClient.swift in Sources */,
				D0F6A72220216DBC001C3AED /* BookmarkCell.swift in Sources */,
				D0DED1FE1FDC3AC100F48E8C /* MBArticle+CoreDataProperties.swift in Sources */,
				23ABE3C21FDDE6D200F4B36B /* (null) in Sources */,
				D01C330320AA5A1D00D5A59D /* ScheduleDailyDevotionViewController.swift in Sources */,
				239068701FDE1C1F00BD1215 /* MBCategory+CoreDataProperties.swift in Sources */,
				D032F1A51F8728B700E78333 /* MBAuthor+CoreDataProperties.swift in Sources */,
			);
			runOnlyForDeploymentPostprocessing = 0;
		};
/* End PBXSourcesBuildPhase section */

/* Begin PBXVariantGroup section */
		D08F558A1F786DCD0071ED86 /* Main.storyboard */ = {
			isa = PBXVariantGroup;
			children = (
				D08F558B1F786DCD0071ED86 /* Base */,
			);
			name = Main.storyboard;
			sourceTree = "<group>";
		};
		D08F55921F786DCD0071ED86 /* LaunchScreen.storyboard */ = {
			isa = PBXVariantGroup;
			children = (
				D08F55931F786DCD0071ED86 /* Base */,
			);
			name = LaunchScreen.storyboard;
			sourceTree = "<group>";
		};
/* End PBXVariantGroup section */

/* Begin XCBuildConfiguration section */
		D08F55961F786DCD0071ED86 /* Debug */ = {
			isa = XCBuildConfiguration;
			buildSettings = {
				ALWAYS_SEARCH_USER_PATHS = NO;
				CLANG_ANALYZER_NONNULL = YES;
				CLANG_ANALYZER_NUMBER_OBJECT_CONVERSION = YES_AGGRESSIVE;
				CLANG_CXX_LANGUAGE_STANDARD = "gnu++0x";
				CLANG_CXX_LIBRARY = "libc++";
				CLANG_ENABLE_MODULES = YES;
				CLANG_ENABLE_OBJC_ARC = YES;
				CLANG_WARN_BLOCK_CAPTURE_AUTORELEASING = YES;
				CLANG_WARN_BOOL_CONVERSION = YES;
				CLANG_WARN_COMMA = YES;
				CLANG_WARN_CONSTANT_CONVERSION = YES;
				CLANG_WARN_DIRECT_OBJC_ISA_USAGE = YES_ERROR;
				CLANG_WARN_DOCUMENTATION_COMMENTS = YES;
				CLANG_WARN_EMPTY_BODY = YES;
				CLANG_WARN_ENUM_CONVERSION = YES;
				CLANG_WARN_INFINITE_RECURSION = YES;
				CLANG_WARN_INT_CONVERSION = YES;
				CLANG_WARN_NON_LITERAL_NULL_CONVERSION = YES;
				CLANG_WARN_OBJC_LITERAL_CONVERSION = YES;
				CLANG_WARN_OBJC_ROOT_CLASS = YES_ERROR;
				CLANG_WARN_RANGE_LOOP_ANALYSIS = YES;
				CLANG_WARN_STRICT_PROTOTYPES = YES;
				CLANG_WARN_SUSPICIOUS_MOVE = YES;
				CLANG_WARN_UNREACHABLE_CODE = YES;
				CLANG_WARN__DUPLICATE_METHOD_MATCH = YES;
				"CODE_SIGN_IDENTITY[sdk=iphoneos*]" = "iPhone Developer";
				COPY_PHASE_STRIP = NO;
				DEBUG_INFORMATION_FORMAT = dwarf;
				ENABLE_STRICT_OBJC_MSGSEND = YES;
				ENABLE_TESTABILITY = YES;
				GCC_C_LANGUAGE_STANDARD = gnu99;
				GCC_DYNAMIC_NO_PIC = NO;
				GCC_NO_COMMON_BLOCKS = YES;
				GCC_OPTIMIZATION_LEVEL = 0;
				GCC_PREPROCESSOR_DEFINITIONS = (
					"DEBUG=1",
					"$(inherited)",
				);
				GCC_WARN_64_TO_32_BIT_CONVERSION = YES;
				GCC_WARN_ABOUT_RETURN_TYPE = YES_ERROR;
				GCC_WARN_UNDECLARED_SELECTOR = YES;
				GCC_WARN_UNINITIALIZED_AUTOS = YES_AGGRESSIVE;
				GCC_WARN_UNUSED_FUNCTION = YES;
				GCC_WARN_UNUSED_VARIABLE = YES;
				IPHONEOS_DEPLOYMENT_TARGET = 10.0;
				MTL_ENABLE_DEBUG_INFO = YES;
				ONLY_ACTIVE_ARCH = YES;
				SDKROOT = iphoneos;
				SWIFT_ACTIVE_COMPILATION_CONDITIONS = DEBUG;
				SWIFT_OPTIMIZATION_LEVEL = "-Onone";
			};
			name = Debug;
		};
		D08F55971F786DCD0071ED86 /* Release */ = {
			isa = XCBuildConfiguration;
			buildSettings = {
				ALWAYS_SEARCH_USER_PATHS = NO;
				CLANG_ANALYZER_NONNULL = YES;
				CLANG_ANALYZER_NUMBER_OBJECT_CONVERSION = YES_AGGRESSIVE;
				CLANG_CXX_LANGUAGE_STANDARD = "gnu++0x";
				CLANG_CXX_LIBRARY = "libc++";
				CLANG_ENABLE_MODULES = YES;
				CLANG_ENABLE_OBJC_ARC = YES;
				CLANG_WARN_BLOCK_CAPTURE_AUTORELEASING = YES;
				CLANG_WARN_BOOL_CONVERSION = YES;
				CLANG_WARN_COMMA = YES;
				CLANG_WARN_CONSTANT_CONVERSION = YES;
				CLANG_WARN_DIRECT_OBJC_ISA_USAGE = YES_ERROR;
				CLANG_WARN_DOCUMENTATION_COMMENTS = YES;
				CLANG_WARN_EMPTY_BODY = YES;
				CLANG_WARN_ENUM_CONVERSION = YES;
				CLANG_WARN_INFINITE_RECURSION = YES;
				CLANG_WARN_INT_CONVERSION = YES;
				CLANG_WARN_NON_LITERAL_NULL_CONVERSION = YES;
				CLANG_WARN_OBJC_LITERAL_CONVERSION = YES;
				CLANG_WARN_OBJC_ROOT_CLASS = YES_ERROR;
				CLANG_WARN_RANGE_LOOP_ANALYSIS = YES;
				CLANG_WARN_STRICT_PROTOTYPES = YES;
				CLANG_WARN_SUSPICIOUS_MOVE = YES;
				CLANG_WARN_UNREACHABLE_CODE = YES;
				CLANG_WARN__DUPLICATE_METHOD_MATCH = YES;
				"CODE_SIGN_IDENTITY[sdk=iphoneos*]" = "iPhone Developer";
				COPY_PHASE_STRIP = NO;
				DEBUG_INFORMATION_FORMAT = "dwarf-with-dsym";
				ENABLE_NS_ASSERTIONS = NO;
				ENABLE_STRICT_OBJC_MSGSEND = YES;
				GCC_C_LANGUAGE_STANDARD = gnu99;
				GCC_NO_COMMON_BLOCKS = YES;
				GCC_WARN_64_TO_32_BIT_CONVERSION = YES;
				GCC_WARN_ABOUT_RETURN_TYPE = YES_ERROR;
				GCC_WARN_UNDECLARED_SELECTOR = YES;
				GCC_WARN_UNINITIALIZED_AUTOS = YES_AGGRESSIVE;
				GCC_WARN_UNUSED_FUNCTION = YES;
				GCC_WARN_UNUSED_VARIABLE = YES;
				IPHONEOS_DEPLOYMENT_TARGET = 10.0;
				MTL_ENABLE_DEBUG_INFO = NO;
				SDKROOT = iphoneos;
				SWIFT_OPTIMIZATION_LEVEL = "-Owholemodule";
				VALIDATE_PRODUCT = YES;
			};
			name = Release;
		};
		D08F55991F786DCD0071ED86 /* Debug */ = {
			isa = XCBuildConfiguration;
			baseConfigurationReference = 2251FCAEBD05DD222F6C84FD /* Pods-iOS Client.debug.xcconfig */;
			buildSettings = {
				ASSETCATALOG_COMPILER_APPICON_NAME = AppIcon2;
				"CODE_SIGN_IDENTITY[sdk=iphoneos*]" = "iPhone Developer";
				CODE_SIGN_STYLE = Automatic;
				DEVELOPMENT_TEAM = CFABJ26A2K;
				INFOPLIST_FILE = "iOS Client/Info.plist";
				IPHONEOS_DEPLOYMENT_TARGET = 10.0;
				LD_RUNPATH_SEARCH_PATHS = "$(inherited) @executable_path/Frameworks";
				PRODUCT_BUNDLE_IDENTIFIER = com.mbird;
				PRODUCT_NAME = "$(TARGET_NAME)";
				PROVISIONING_PROFILE_SPECIFIER = "";
				SWIFT_SWIFT3_OBJC_INFERENCE = Default;
				SWIFT_VERSION = 4.0;
			};
			name = Debug;
		};
		D08F559A1F786DCD0071ED86 /* Release */ = {
			isa = XCBuildConfiguration;
			baseConfigurationReference = 136BACE6A8C13A0F0360B527 /* Pods-iOS Client.release.xcconfig */;
			buildSettings = {
				ASSETCATALOG_COMPILER_APPICON_NAME = AppIcon2;
				"CODE_SIGN_IDENTITY[sdk=iphoneos*]" = "iPhone Developer";
				CODE_SIGN_STYLE = Automatic;
				DEVELOPMENT_TEAM = CFABJ26A2K;
				INFOPLIST_FILE = "iOS Client/Info.plist";
				IPHONEOS_DEPLOYMENT_TARGET = 10.0;
				LD_RUNPATH_SEARCH_PATHS = "$(inherited) @executable_path/Frameworks";
				PRODUCT_BUNDLE_IDENTIFIER = com.mbird;
				PRODUCT_NAME = "$(TARGET_NAME)";
				PROVISIONING_PROFILE_SPECIFIER = "";
				SWIFT_SWIFT3_OBJC_INFERENCE = Default;
				SWIFT_VERSION = 4.0;
			};
			name = Release;
		};
/* End XCBuildConfiguration section */

/* Begin XCConfigurationList section */
		D08F557E1F786DCD0071ED86 /* Build configuration list for PBXProject "iOS Client" */ = {
			isa = XCConfigurationList;
			buildConfigurations = (
				D08F55961F786DCD0071ED86 /* Debug */,
				D08F55971F786DCD0071ED86 /* Release */,
			);
			defaultConfigurationIsVisible = 0;
			defaultConfigurationName = Release;
		};
		D08F55981F786DCD0071ED86 /* Build configuration list for PBXNativeTarget "iOS Client" */ = {
			isa = XCConfigurationList;
			buildConfigurations = (
				D08F55991F786DCD0071ED86 /* Debug */,
				D08F559A1F786DCD0071ED86 /* Release */,
			);
			defaultConfigurationIsVisible = 0;
			defaultConfigurationName = Release;
		};
/* End XCConfigurationList section */

/* Begin XCVersionGroup section */
		23D8F1F31FAE129D004964AE /* iOS_Client.xcdatamodeld */ = {
			isa = XCVersionGroup;
			children = (
				23D8F1F41FAE129D004964AE /* iOS_Client.xcdatamodel */,
			);
			currentVersion = 23D8F1F41FAE129D004964AE /* iOS_Client.xcdatamodel */;
			path = iOS_Client.xcdatamodeld;
			sourceTree = "<group>";
			versionGroupType = wrapper.xcdatamodel;
		};
/* End XCVersionGroup section */
	};
	rootObject = D08F557B1F786DCD0071ED86 /* Project object */;
}
