// !$*UTF8*$!
{
	archiveVersion = 1;
	classes = {
	};
	objectVersion = 46;
	objects = {

/* Begin PBXBuildFile section */
		D08F55871F786DCD0071ED86 /* AppDelegate.swift in Sources */ = {isa = PBXBuildFile; fileRef = D08F55861F786DCD0071ED86 /* AppDelegate.swift */; };
		D08F55891F786DCD0071ED86 /* ViewController.swift in Sources */ = {isa = PBXBuildFile; fileRef = D08F55881F786DCD0071ED86 /* ViewController.swift */; };
		D08F558C1F786DCD0071ED86 /* Main.storyboard in Resources */ = {isa = PBXBuildFile; fileRef = D08F558A1F786DCD0071ED86 /* Main.storyboard */; };
		D08F558F1F786DCD0071ED86 /* iOS_Client.xcdatamodeld in Sources */ = {isa = PBXBuildFile; fileRef = D08F558D1F786DCD0071ED86 /* iOS_Client.xcdatamodeld */; };
		D08F55911F786DCD0071ED86 /* Assets.xcassets in Resources */ = {isa = PBXBuildFile; fileRef = D08F55901F786DCD0071ED86 /* Assets.xcassets */; };
		D08F55941F786DCD0071ED86 /* LaunchScreen.storyboard in Resources */ = {isa = PBXBuildFile; fileRef = D08F55921F786DCD0071ED86 /* LaunchScreen.storyboard */; };
/* End PBXBuildFile section */

/* Begin PBXFileReference section */
		D08F55831F786DCD0071ED86 /* iOS Client.app */ = {isa = PBXFileReference; explicitFileType = wrapper.application; includeInIndex = 0; path = "iOS Client.app"; sourceTree = BUILT_PRODUCTS_DIR; };
		D08F55861F786DCD0071ED86 /* AppDelegate.swift */ = {isa = PBXFileReference; lastKnownFileType = sourcecode.swift; path = AppDelegate.swift; sourceTree = "<group>"; };
		D08F55881F786DCD0071ED86 /* ViewController.swift */ = {isa = PBXFileReference; lastKnownFileType = sourcecode.swift; path = ViewController.swift; sourceTree = "<group>"; };
		D08F558B1F786DCD0071ED86 /* Base */ = {isa = PBXFileReference; lastKnownFileType = file.storyboard; name = Base; path = Base.lproj/Main.storyboard; sourceTree = "<group>"; };
		D08F558E1F786DCD0071ED86 /* iOS_Client.xcdatamodel */ = {isa = PBXFileReference; lastKnownFileType = wrapper.xcdatamodel; path = iOS_Client.xcdatamodel; sourceTree = "<group>"; };
		D08F55901F786DCD0071ED86 /* Assets.xcassets */ = {isa = PBXFileReference; lastKnownFileType = folder.assetcatalog; path = Assets.xcassets; sourceTree = "<group>"; };
		D08F55931F786DCD0071ED86 /* Base */ = {isa = PBXFileReference; lastKnownFileType = file.storyboard; name = Base; path = Base.lproj/LaunchScreen.storyboard; sourceTree = "<group>"; };
		D08F55951F786DCD0071ED86 /* Info.plist */ = {isa = PBXFileReference; lastKnownFileType = text.plist.xml; path = Info.plist; sourceTree = "<group>"; };
/* End PBXFileReference section */

/* Begin PBXFrameworksBuildPhase section */
		D08F55801F786DCD0071ED86 /* Frameworks */ = {
			isa = PBXFrameworksBuildPhase;
			buildActionMask = 2147483647;
			files = (
			);
			runOnlyForDeploymentPostprocessing = 0;
		};
/* End PBXFrameworksBuildPhase section */

/* Begin PBXGroup section */
		D08F557A1F786DCD0071ED86 = {
			isa = PBXGroup;
			children = (
				D08F55851F786DCD0071ED86 /* iOS Client */,
				D08F55841F786DCD0071ED86 /* Products */,
			);
			sourceTree = "<group>";
		};
		D08F55841F786DCD0071ED86 /* Products */ = {
			isa = PBXGroup;
			children = (
				D08F55831F786DCD0071ED86 /* iOS Client.app */,
			);
			name = Products;
			sourceTree = "<group>";
		};
		D08F55851F786DCD0071ED86 /* iOS Client */ = {
			isa = PBXGroup;
			children = (
				D08F55861F786DCD0071ED86 /* AppDelegate.swift */,
				D08F55881F786DCD0071ED86 /* ViewController.swift */,
				D08F558A1F786DCD0071ED86 /* Main.storyboard */,
				D08F55901F786DCD0071ED86 /* Assets.xcassets */,
				D08F55921F786DCD0071ED86 /* LaunchScreen.storyboard */,
				D08F55951F786DCD0071ED86 /* Info.plist */,
				D08F558D1F786DCD0071ED86 /* iOS_Client.xcdatamodeld */,
			);
			path = "iOS Client";
			sourceTree = "<group>";
		};
/* End PBXGroup section */

/* Begin PBXNativeTarget section */
		D08F55821F786DCD0071ED86 /* iOS Client */ = {
			isa = PBXNativeTarget;
			buildConfigurationList = D08F55981F786DCD0071ED86 /* Build configuration list for PBXNativeTarget "iOS Client" */;
			buildPhases = (
				D08F557F1F786DCD0071ED86 /* Sources */,
				D08F55801F786DCD0071ED86 /* Frameworks */,
				D08F55811F786DCD0071ED86 /* Resources */,
			);
			buildRules = (
			);
			dependencies = (
			);
			name = "iOS Client";
			productName = "iOS Client";
			productReference = D08F55831F786DCD0071ED86 /* iOS Client.app */;
			productType = "com.apple.product-type.application";
		};
/* End PBXNativeTarget section */

/* Begin PBXProject section */
		D08F557B1F786DCD0071ED86 /* Project object */ = {
			isa = PBXProject;
			attributes = {
				LastSwiftUpdateCheck = 0830;
				LastUpgradeCheck = 0830;
				ORGANIZATIONNAME = Mockingbird;
				TargetAttributes = {
					D08F55821F786DCD0071ED86 = {
						CreatedOnToolsVersion = 8.3.3;
						ProvisioningStyle = Automatic;
					};
				};
			};
			buildConfigurationList = D08F557E1F786DCD0071ED86 /* Build configuration list for PBXProject "iOS Client" */;
			compatibilityVersion = "Xcode 3.2";
			developmentRegion = English;
			hasScannedForEncodings = 0;
			knownRegions = (
				en,
				Base,
			);
			mainGroup = D08F557A1F786DCD0071ED86;
			productRefGroup = D08F55841F786DCD0071ED86 /* Products */;
			projectDirPath = "";
			projectRoot = "";
			targets = (
				D08F55821F786DCD0071ED86 /* iOS Client */,
			);
		};
/* End PBXProject section */

/* Begin PBXResourcesBuildPhase section */
		D08F55811F786DCD0071ED86 /* Resources */ = {
			isa = PBXResourcesBuildPhase;
			buildActionMask = 2147483647;
			files = (
				D08F55941F786DCD0071ED86 /* LaunchScreen.storyboard in Resources */,
				D08F55911F786DCD0071ED86 /* Assets.xcassets in Resources */,
				D08F558C1F786DCD0071ED86 /* Main.storyboard in Resources */,
			);
			runOnlyForDeploymentPostprocessing = 0;
		};
/* End PBXResourcesBuildPhase section */

/* Begin PBXSourcesBuildPhase section */
		D08F557F1F786DCD0071ED86 /* Sources */ = {
			isa = PBXSourcesBuildPhase;
			buildActionMask = 2147483647;
			files = (
				D08F558F1F786DCD0071ED86 /* iOS_Client.xcdatamodeld in Sources */,
				D08F55891F786DCD0071ED86 /* ViewController.swift in Sources */,
				D08F55871F786DCD0071ED86 /* AppDelegate.swift in Sources */,
			);
			runOnlyForDeploymentPostprocessing = 0;
		};
/* End PBXSourcesBuildPhase section */

/* Begin PBXVariantGroup section */
		D08F558A1F786DCD0071ED86 /* Main.storyboard */ = {
			isa = PBXVariantGroup;
			children = (
				D08F558B1F786DCD0071ED86 /* Base */,
			);
			name = Main.storyboard;
			sourceTree = "<group>";
		};
		D08F55921F786DCD0071ED86 /* LaunchScreen.storyboard */ = {
			isa = PBXVariantGroup;
			children = (
				D08F55931F786DCD0071ED86 /* Base */,
			);
			name = LaunchScreen.storyboard;
			sourceTree = "<group>";
		};
/* End PBXVariantGroup section */

/* Begin XCBuildConfiguration section */
		D08F55961F786DCD0071ED86 /* Debug */ = {
			isa = XCBuildConfiguration;
			buildSettings = {
				ALWAYS_SEARCH_USER_PATHS = NO;
				CLANG_ANALYZER_NONNULL = YES;
				CLANG_ANALYZER_NUMBER_OBJECT_CONVERSION = YES_AGGRESSIVE;
				CLANG_CXX_LANGUAGE_STANDARD = "gnu++0x";
				CLANG_CXX_LIBRARY = "libc++";
				CLANG_ENABLE_MODULES = YES;
				CLANG_ENABLE_OBJC_ARC = YES;
				CLANG_WARN_BOOL_CONVERSION = YES;
				CLANG_WARN_CONSTANT_CONVERSION = YES;
				CLANG_WARN_DIRECT_OBJC_ISA_USAGE = YES_ERROR;
				CLANG_WARN_DOCUMENTATION_COMMENTS = YES;
				CLANG_WARN_EMPTY_BODY = YES;
				CLANG_WARN_ENUM_CONVERSION = YES;
				CLANG_WARN_INFINITE_RECURSION = YES;
				CLANG_WARN_INT_CONVERSION = YES;
				CLANG_WARN_OBJC_ROOT_CLASS = YES_ERROR;
				CLANG_WARN_SUSPICIOUS_MOVE = YES;
				CLANG_WARN_UNREACHABLE_CODE = YES;
				CLANG_WARN__DUPLICATE_METHOD_MATCH = YES;
				"CODE_SIGN_IDENTITY[sdk=iphoneos*]" = "iPhone Developer";
				COPY_PHASE_STRIP = NO;
				DEBUG_INFORMATION_FORMAT = dwarf;
				ENABLE_STRICT_OBJC_MSGSEND = YES;
				ENABLE_TESTABILITY = YES;
				GCC_C_LANGUAGE_STANDARD = gnu99;
				GCC_DYNAMIC_NO_PIC = NO;
				GCC_NO_COMMON_BLOCKS = YES;
				GCC_OPTIMIZATION_LEVEL = 0;
				GCC_PREPROCESSOR_DEFINITIONS = (
					"DEBUG=1",
					"$(inherited)",
				);
				GCC_WARN_64_TO_32_BIT_CONVERSION = YES;
				GCC_WARN_ABOUT_RETURN_TYPE = YES_ERROR;
				GCC_WARN_UNDECLARED_SELECTOR = YES;
				GCC_WARN_UNINITIALIZED_AUTOS = YES_AGGRESSIVE;
				GCC_WARN_UNUSED_FUNCTION = YES;
				GCC_WARN_UNUSED_VARIABLE = YES;
				IPHONEOS_DEPLOYMENT_TARGET = 10.3;
				MTL_ENABLE_DEBUG_INFO = YES;
				ONLY_ACTIVE_ARCH = YES;
				SDKROOT = iphoneos;
				SWIFT_ACTIVE_COMPILATION_CONDITIONS = DEBUG;
				SWIFT_OPTIMIZATION_LEVEL = "-Onone";
			};
			name = Debug;
		};
		D08F55971F786DCD0071ED86 /* Release */ = {
			isa = XCBuildConfiguration;
			buildSettings = {
				ALWAYS_SEARCH_USER_PATHS = NO;
				CLANG_ANALYZER_NONNULL = YES;
				CLANG_ANALYZER_NUMBER_OBJECT_CONVERSION = YES_AGGRESSIVE;
				CLANG_CXX_LANGUAGE_STANDARD = "gnu++0x";
				CLANG_CXX_LIBRARY = "libc++";
				CLANG_ENABLE_MODULES = YES;
				CLANG_ENABLE_OBJC_ARC = YES;
				CLANG_WARN_BOOL_CONVERSION = YES;
				CLANG_WARN_CONSTANT_CONVERSION = YES;
				CLANG_WARN_DIRECT_OBJC_ISA_USAGE = YES_ERROR;
				CLANG_WARN_DOCUMENTATION_COMMENTS = YES;
				CLANG_WARN_EMPTY_BODY = YES;
				CLANG_WARN_ENUM_CONVERSION = YES;
				CLANG_WARN_INFINITE_RECURSION = YES;
				CLANG_WARN_INT_CONVERSION = YES;
				CLANG_WARN_OBJC_ROOT_CLASS = YES_ERROR;
				CLANG_WARN_SUSPICIOUS_MOVE = YES;
				CLANG_WARN_UNREACHABLE_CODE = YES;
				CLANG_WARN__DUPLICATE_METHOD_MATCH = YES;
				"CODE_SIGN_IDENTITY[sdk=iphoneos*]" = "iPhone Developer";
				COPY_PHASE_STRIP = NO;
				DEBUG_INFORMATION_FORMAT = "dwarf-with-dsym";
				ENABLE_NS_ASSERTIONS = NO;
				ENABLE_STRICT_OBJC_MSGSEND = YES;
				GCC_C_LANGUAGE_STANDARD = gnu99;
				GCC_NO_COMMON_BLOCKS = YES;
				GCC_WARN_64_TO_32_BIT_CONVERSION = YES;
				GCC_WARN_ABOUT_RETURN_TYPE = YES_ERROR;
				GCC_WARN_UNDECLARED_SELECTOR = YES;
				GCC_WARN_UNINITIALIZED_AUTOS = YES_AGGRESSIVE;
				GCC_WARN_UNUSED_FUNCTION = YES;
				GCC_WARN_UNUSED_VARIABLE = YES;
				IPHONEOS_DEPLOYMENT_TARGET = 10.3;
				MTL_ENABLE_DEBUG_INFO = NO;
				SDKROOT = iphoneos;
				SWIFT_OPTIMIZATION_LEVEL = "-Owholemodule";
				VALIDATE_PRODUCT = YES;
			};
			name = Release;
		};
		D08F55991F786DCD0071ED86 /* Debug */ = {
			isa = XCBuildConfiguration;
			buildSettings = {
				ASSETCATALOG_COMPILER_APPICON_NAME = AppIcon;
				INFOPLIST_FILE = "iOS Client/Info.plist";
				LD_RUNPATH_SEARCH_PATHS = "$(inherited) @executable_path/Frameworks";
				PRODUCT_BUNDLE_IDENTIFIER = "com.mockingbird.iOS-Client";
				PRODUCT_NAME = "$(TARGET_NAME)";
				SWIFT_VERSION = 3.0;
			};
			name = Debug;
		};
		D08F559A1F786DCD0071ED86 /* Release */ = {
			isa = XCBuildConfiguration;
			buildSettings = {
				ASSETCATALOG_COMPILER_APPICON_NAME = AppIcon;
				INFOPLIST_FILE = "iOS Client/Info.plist";
				LD_RUNPATH_SEARCH_PATHS = "$(inherited) @executable_path/Frameworks";
				PRODUCT_BUNDLE_IDENTIFIER = "com.mockingbird.iOS-Client";
				PRODUCT_NAME = "$(TARGET_NAME)";
				SWIFT_VERSION = 3.0;
			};
			name = Release;
		};
/* End XCBuildConfiguration section */

/* Begin XCConfigurationList section */
		D08F557E1F786DCD0071ED86 /* Build configuration list for PBXProject "iOS Client" */ = {
			isa = XCConfigurationList;
			buildConfigurations = (
				D08F55961F786DCD0071ED86 /* Debug */,
				D08F55971F786DCD0071ED86 /* Release */,
			);
			defaultConfigurationIsVisible = 0;
			defaultConfigurationName = Release;
		};
		D08F55981F786DCD0071ED86 /* Build configuration list for PBXNativeTarget "iOS Client" */ = {
			isa = XCConfigurationList;
			buildConfigurations = (
				D08F55991F786DCD0071ED86 /* Debug */,
				D08F559A1F786DCD0071ED86 /* Release */,
			);
			defaultConfigurationIsVisible = 0;
		};
/* End XCConfigurationList section */

/* Begin XCVersionGroup section */
		D08F558D1F786DCD0071ED86 /* iOS_Client.xcdatamodeld */ = {
			isa = XCVersionGroup;
			children = (
				D08F558E1F786DCD0071ED86 /* iOS_Client.xcdatamodel */,
			);
			currentVersion = D08F558E1F786DCD0071ED86 /* iOS_Client.xcdatamodel */;
			path = iOS_Client.xcdatamodeld;
			sourceTree = "<group>";
			versionGroupType = wrapper.xcdatamodel;
		};
/* End XCVersionGroup section */
	};
	rootObject = D08F557B1F786DCD0071ED86 /* Project object */;
}
